
Microsoft Visual Studio Solution File, Format Version 12.00
# Visual Studio 2012
Project("{8BC9CEB8-8B4A-11D0-8D11-00A0C91BC942}") = "SDL_snake", "SDL_snake.vcxproj", "{A48965B1-A71B-40BC-8A1B-46B9769C43B7}"
EndProject
Global
	GlobalSection(SolutionConfigurationPlatforms) = preSolution
		Debug|Win32 = Debug|Win32
		Release|Win32 = Release|Win32
	EndGlobalSection
	GlobalSection(ProjectConfigurationPlatforms) = postSolution
		{A48965B1-A71B-40BC-8A1B-46B9769C43B7}.Debug|Win32.ActiveCfg = Debug|Win32
		{A48965B1-A71B-40BC-8A1B-46B9769C43B7}.Debug|Win32.Build.0 = Debug|Win32
		{A48965B1-A71B-40BC-8A1B-46B9769C43B7}.Release|Win32.ActiveCfg = Release|Win32
		{A48965B1-A71B-40BC-8A1B-46B9769C43B7}.Release|Win32.Build.0 = Release|Win32
	EndGlobalSection
	GlobalSection(SolutionProperties) = preSolution
		HideSolutionNode = FALSE
	EndGlobalSection
EndGlobal
